// !$*UTF8*$!
{
	archiveVersion = 1;
	classes = {
	};
	objectVersion = 50;
	objects = {

/* Begin PBXBuildFile section */
		27BBE74D237A10DC00439E5E /* AppDelegate.swift in Sources */ = {isa = PBXBuildFile; fileRef = 27BBE74C237A10DC00439E5E /* AppDelegate.swift */; };
		27BBE74F237A10DC00439E5E /* SceneDelegate.swift in Sources */ = {isa = PBXBuildFile; fileRef = 27BBE74E237A10DC00439E5E /* SceneDelegate.swift */; };
		27BBE751237A10DC00439E5E /* ViewController.swift in Sources */ = {isa = PBXBuildFile; fileRef = 27BBE750237A10DC00439E5E /* ViewController.swift */; };
		27BBE754237A10DC00439E5E /* Main.storyboard in Resources */ = {isa = PBXBuildFile; fileRef = 27BBE752237A10DC00439E5E /* Main.storyboard */; };
		27BBE756237A10DF00439E5E /* Assets.xcassets in Resources */ = {isa = PBXBuildFile; fileRef = 27BBE755237A10DF00439E5E /* Assets.xcassets */; };
		27BBE759237A10DF00439E5E /* LaunchScreen.storyboard in Resources */ = {isa = PBXBuildFile; fileRef = 27BBE757237A10DF00439E5E /* LaunchScreen.storyboard */; };
		27BBE761237A111200439E5E /* Codable.swift in Sources */ = {isa = PBXBuildFile; fileRef = 27BBE760237A111100439E5E /* Codable.swift */; };
		27BBE769237A150800439E5E /* CodableUnitTests.swift in Sources */ = {isa = PBXBuildFile; fileRef = 27BBE768237A150800439E5E /* CodableUnitTests.swift */; };
/* End PBXBuildFile section */

/* Begin PBXContainerItemProxy section */
		27BBE76B237A150800439E5E /* PBXContainerItemProxy */ = {
			isa = PBXContainerItemProxy;
			containerPortal = 27BBE741237A10DC00439E5E /* Project object */;
			proxyType = 1;
			remoteGlobalIDString = 27BBE748237A10DC00439E5E;
			remoteInfo = Codable;
		};
/* End PBXContainerItemProxy section */

/* Begin PBXFileReference section */
		27BBE749237A10DC00439E5E /* Codable.app */ = {isa = PBXFileReference; explicitFileType = wrapper.application; includeInIndex = 0; path = Codable.app; sourceTree = BUILT_PRODUCTS_DIR; };
		27BBE74C237A10DC00439E5E /* AppDelegate.swift */ = {isa = PBXFileReference; lastKnownFileType = sourcecode.swift; path = AppDelegate.swift; sourceTree = "<group>"; };
		27BBE74E237A10DC00439E5E /* SceneDelegate.swift */ = {isa = PBXFileReference; lastKnownFileType = sourcecode.swift; path = SceneDelegate.swift; sourceTree = "<group>"; };
		27BBE750237A10DC00439E5E /* ViewController.swift */ = {isa = PBXFileReference; lastKnownFileType = sourcecode.swift; path = ViewController.swift; sourceTree = "<group>"; };
		27BBE753237A10DC00439E5E /* Base */ = {isa = PBXFileReference; lastKnownFileType = file.storyboard; name = Base; path = Base.lproj/Main.storyboard; sourceTree = "<group>"; };
		27BBE755237A10DF00439E5E /* Assets.xcassets */ = {isa = PBXFileReference; lastKnownFileType = folder.assetcatalog; path = Assets.xcassets; sourceTree = "<group>"; };
		27BBE758237A10DF00439E5E /* Base */ = {isa = PBXFileReference; lastKnownFileType = file.storyboard; name = Base; path = Base.lproj/LaunchScreen.storyboard; sourceTree = "<group>"; };
		27BBE75A237A10DF00439E5E /* Info.plist */ = {isa = PBXFileReference; lastKnownFileType = text.plist.xml; path = Info.plist; sourceTree = "<group>"; };
		27BBE760237A111100439E5E /* Codable.swift */ = {isa = PBXFileReference; lastKnownFileType = sourcecode.swift; path = Codable.swift; sourceTree = "<group>"; };
		27BBE766237A150800439E5E /* CodableTests.xctest */ = {isa = PBXFileReference; explicitFileType = wrapper.cfbundle; includeInIndex = 0; path = CodableTests.xctest; sourceTree = BUILT_PRODUCTS_DIR; };
		27BBE768237A150800439E5E /* CodableUnitTests.swift */ = {isa = PBXFileReference; lastKnownFileType = sourcecode.swift; path = CodableUnitTests.swift; sourceTree = "<group>"; };
		27BBE76A237A150800439E5E /* Info.plist */ = {isa = PBXFileReference; lastKnownFileType = text.plist.xml; path = Info.plist; sourceTree = "<group>"; };
/* End PBXFileReference section */

/* Begin PBXFrameworksBuildPhase section */
		27BBE746237A10DC00439E5E /* Frameworks */ = {
			isa = PBXFrameworksBuildPhase;
			buildActionMask = 2147483647;
			files = (
			);
			runOnlyForDeploymentPostprocessing = 0;
		};
		27BBE763237A150800439E5E /* Frameworks */ = {
			isa = PBXFrameworksBuildPhase;
			buildActionMask = 2147483647;
			files = (
			);
			runOnlyForDeploymentPostprocessing = 0;
		};
/* End PBXFrameworksBuildPhase section */

/* Begin PBXGroup section */
		27BBE740237A10DC00439E5E = {
			isa = PBXGroup;
			children = (
				27BBE74B237A10DC00439E5E /* Codable */,
				27BBE767237A150800439E5E /* CodableTests */,
				27BBE74A237A10DC00439E5E /* Products */,
			);
			sourceTree = "<group>";
		};
		27BBE74A237A10DC00439E5E /* Products */ = {
			isa = PBXGroup;
			children = (
				27BBE749237A10DC00439E5E /* Codable.app */,
				27BBE766237A150800439E5E /* CodableTests.xctest */,
			);
			name = Products;
			sourceTree = "<group>";
		};
		27BBE74B237A10DC00439E5E /* Codable */ = {
			isa = PBXGroup;
			children = (
				27BBE74C237A10DC00439E5E /* AppDelegate.swift */,
				27BBE74E237A10DC00439E5E /* SceneDelegate.swift */,
				27BBE750237A10DC00439E5E /* ViewController.swift */,
				27BBE752237A10DC00439E5E /* Main.storyboard */,
				27BBE755237A10DF00439E5E /* Assets.xcassets */,
				27BBE757237A10DF00439E5E /* LaunchScreen.storyboard */,
				27BBE75A237A10DF00439E5E /* Info.plist */,
				27BBE760237A111100439E5E /* Codable.swift */,
			);
			path = Codable;
			sourceTree = "<group>";
		};
		27BBE767237A150800439E5E /* CodableTests */ = {
			isa = PBXGroup;
			children = (
				27BBE768237A150800439E5E /* CodableUnitTests.swift */,
				27BBE76A237A150800439E5E /* Info.plist */,
			);
			path = CodableTests;
			sourceTree = "<group>";
		};
/* End PBXGroup section */

/* Begin PBXNativeTarget section */
		27BBE748237A10DC00439E5E /* Codable */ = {
			isa = PBXNativeTarget;
			buildConfigurationList = 27BBE75D237A10DF00439E5E /* Build configuration list for PBXNativeTarget "Codable" */;
			buildPhases = (
				27BBE745237A10DC00439E5E /* Sources */,
				27BBE746237A10DC00439E5E /* Frameworks */,
				27BBE747237A10DC00439E5E /* Resources */,
			);
			buildRules = (
			);
			dependencies = (
			);
			name = Codable;
			productName = Codable;
			productReference = 27BBE749237A10DC00439E5E /* Codable.app */;
			productType = "com.apple.product-type.application";
		};
		27BBE765237A150800439E5E /* CodableTests */ = {
			isa = PBXNativeTarget;
			buildConfigurationList = 27BBE76D237A150800439E5E /* Build configuration list for PBXNativeTarget "CodableTests" */;
			buildPhases = (
				27BBE762237A150800439E5E /* Sources */,
				27BBE763237A150800439E5E /* Frameworks */,
				27BBE764237A150800439E5E /* Resources */,
			);
			buildRules = (
			);
			dependencies = (
				27BBE76C237A150800439E5E /* PBXTargetDependency */,
			);
			name = CodableTests;
			productName = CodableTests;
			productReference = 27BBE766237A150800439E5E /* CodableTests.xctest */;
			productType = "com.apple.product-type.bundle.unit-test";
		};
/* End PBXNativeTarget section */

/* Begin PBXProject section */
		27BBE741237A10DC00439E5E /* Project object */ = {
			isa = PBXProject;
			attributes = {
				LastSwiftUpdateCheck = 1120;
				LastUpgradeCheck = 1120;
				ORGANIZATIONNAME = "Avigit Saha";
				TargetAttributes = {
					27BBE748237A10DC00439E5E = {
						CreatedOnToolsVersion = 11.2;
					};
					27BBE765237A150800439E5E = {
						CreatedOnToolsVersion = 11.2;
						TestTargetID = 27BBE748237A10DC00439E5E;
					};
				};
			};
			buildConfigurationList = 27BBE744237A10DC00439E5E /* Build configuration list for PBXProject "Codable" */;
			compatibilityVersion = "Xcode 9.3";
			developmentRegion = en;
			hasScannedForEncodings = 0;
			knownRegions = (
				en,
				Base,
			);
			mainGroup = 27BBE740237A10DC00439E5E;
			productRefGroup = 27BBE74A237A10DC00439E5E /* Products */;
			projectDirPath = "";
			projectRoot = "";
			targets = (
				27BBE748237A10DC00439E5E /* Codable */,
				27BBE765237A150800439E5E /* CodableTests */,
			);
		};
/* End PBXProject section */

/* Begin PBXResourcesBuildPhase section */
		27BBE747237A10DC00439E5E /* Resources */ = {
			isa = PBXResourcesBuildPhase;
			buildActionMask = 2147483647;
			files = (
				27BBE759237A10DF00439E5E /* LaunchScreen.storyboard in Resources */,
				27BBE756237A10DF00439E5E /* Assets.xcassets in Resources */,
				27BBE754237A10DC00439E5E /* Main.storyboard in Resources */,
			);
			runOnlyForDeploymentPostprocessing = 0;
		};
		27BBE764237A150800439E5E /* Resources */ = {
			isa = PBXResourcesBuildPhase;
			buildActionMask = 2147483647;
			files = (
			);
			runOnlyForDeploymentPostprocessing = 0;
		};
/* End PBXResourcesBuildPhase section */

/* Begin PBXSourcesBuildPhase section */
		27BBE745237A10DC00439E5E /* Sources */ = {
			isa = PBXSourcesBuildPhase;
			buildActionMask = 2147483647;
			files = (
				27BBE751237A10DC00439E5E /* ViewController.swift in Sources */,
				27BBE74D237A10DC00439E5E /* AppDelegate.swift in Sources */,
				27BBE761237A111200439E5E /* Codable.swift in Sources */,
				27BBE74F237A10DC00439E5E /* SceneDelegate.swift in Sources */,
			);
			runOnlyForDeploymentPostprocessing = 0;
		};
		27BBE762237A150800439E5E /* Sources */ = {
			isa = PBXSourcesBuildPhase;
			buildActionMask = 2147483647;
			files = (
				27BBE769237A150800439E5E /* CodableUnitTests.swift in Sources */,
			);
			runOnlyForDeploymentPostprocessing = 0;
		};
/* End PBXSourcesBuildPhase section */

/* Begin PBXTargetDependency section */
		27BBE76C237A150800439E5E /* PBXTargetDependency */ = {
			isa = PBXTargetDependency;
			target = 27BBE748237A10DC00439E5E /* Codable */;
			targetProxy = 27BBE76B237A150800439E5E /* PBXContainerItemProxy */;
		};
/* End PBXTargetDependency section */

/* Begin PBXVariantGroup section */
		27BBE752237A10DC00439E5E /* Main.storyboard */ = {
			isa = PBXVariantGroup;
			children = (
				27BBE753237A10DC00439E5E /* Base */,
			);
			name = Main.storyboard;
			sourceTree = "<group>";
		};
		27BBE757237A10DF00439E5E /* LaunchScreen.storyboard */ = {
			isa = PBXVariantGroup;
			children = (
				27BBE758237A10DF00439E5E /* Base */,
			);
			name = LaunchScreen.storyboard;
			sourceTree = "<group>";
		};
/* End PBXVariantGroup section */

/* Begin XCBuildConfiguration section */
		27BBE75B237A10DF00439E5E /* Debug */ = {
			isa = XCBuildConfiguration;
			buildSettings = {
				ALWAYS_SEARCH_USER_PATHS = NO;
				CLANG_ANALYZER_NONNULL = YES;
				CLANG_ANALYZER_NUMBER_OBJECT_CONVERSION = YES_AGGRESSIVE;
				CLANG_CXX_LANGUAGE_STANDARD = "gnu++14";
				CLANG_CXX_LIBRARY = "libc++";
				CLANG_ENABLE_MODULES = YES;
				CLANG_ENABLE_OBJC_ARC = YES;
				CLANG_ENABLE_OBJC_WEAK = YES;
				CLANG_WARN_BLOCK_CAPTURE_AUTORELEASING = YES;
				CLANG_WARN_BOOL_CONVERSION = YES;
				CLANG_WARN_COMMA = YES;
				CLANG_WARN_CONSTANT_CONVERSION = YES;
				CLANG_WARN_DEPRECATED_OBJC_IMPLEMENTATIONS = YES;
				CLANG_WARN_DIRECT_OBJC_ISA_USAGE = YES_ERROR;
				CLANG_WARN_DOCUMENTATION_COMMENTS = YES;
				CLANG_WARN_EMPTY_BODY = YES;
				CLANG_WARN_ENUM_CONVERSION = YES;
				CLANG_WARN_INFINITE_RECURSION = YES;
				CLANG_WARN_INT_CONVERSION = YES;
				CLANG_WARN_NON_LITERAL_NULL_CONVERSION = YES;
				CLANG_WARN_OBJC_IMPLICIT_RETAIN_SELF = YES;
				CLANG_WARN_OBJC_LITERAL_CONVERSION = YES;
				CLANG_WARN_OBJC_ROOT_CLASS = YES_ERROR;
				CLANG_WARN_RANGE_LOOP_ANALYSIS = YES;
				CLANG_WARN_STRICT_PROTOTYPES = YES;
				CLANG_WARN_SUSPICIOUS_MOVE = YES;
				CLANG_WARN_UNGUARDED_AVAILABILITY = YES_AGGRESSIVE;
				CLANG_WARN_UNREACHABLE_CODE = YES;
				CLANG_WARN__DUPLICATE_METHOD_MATCH = YES;
				COPY_PHASE_STRIP = NO;
				DEBUG_INFORMATION_FORMAT = dwarf;
				ENABLE_STRICT_OBJC_MSGSEND = YES;
				ENABLE_TESTABILITY = YES;
				GCC_C_LANGUAGE_STANDARD = gnu11;
				GCC_DYNAMIC_NO_PIC = NO;
				GCC_NO_COMMON_BLOCKS = YES;
				GCC_OPTIMIZATION_LEVEL = 0;
				GCC_PREPROCESSOR_DEFINITIONS = (
					"DEBUG=1",
					"$(inherited)",
				);
				GCC_WARN_64_TO_32_BIT_CONVERSION = YES;
				GCC_WARN_ABOUT_RETURN_TYPE = YES_ERROR;
				GCC_WARN_UNDECLARED_SELECTOR = YES;
				GCC_WARN_UNINITIALIZED_AUTOS = YES_AGGRESSIVE;
				GCC_WARN_UNUSED_FUNCTION = YES;
				GCC_WARN_UNUSED_VARIABLE = YES;
				IPHONEOS_DEPLOYMENT_TARGET = 13.2;
				MTL_ENABLE_DEBUG_INFO = INCLUDE_SOURCE;
				MTL_FAST_MATH = YES;
				ONLY_ACTIVE_ARCH = YES;
				SDKROOT = iphoneos;
				SWIFT_ACTIVE_COMPILATION_CONDITIONS = DEBUG;
				SWIFT_OPTIMIZATION_LEVEL = "-Onone";
			};
			name = Debug;
		};
		27BBE75C237A10DF00439E5E /* Release */ = {
			isa = XCBuildConfiguration;
			buildSettings = {
				ALWAYS_SEARCH_USER_PATHS = NO;
				CLANG_ANALYZER_NONNULL = YES;
				CLANG_ANALYZER_NUMBER_OBJECT_CONVERSION = YES_AGGRESSIVE;
				CLANG_CXX_LANGUAGE_STANDARD = "gnu++14";
				CLANG_CXX_LIBRARY = "libc++";
				CLANG_ENABLE_MODULES = YES;
				CLANG_ENABLE_OBJC_ARC = YES;
				CLANG_ENABLE_OBJC_WEAK = YES;
				CLANG_WARN_BLOCK_CAPTURE_AUTORELEASING = YES;
				CLANG_WARN_BOOL_CONVERSION = YES;
				CLANG_WARN_COMMA = YES;
				CLANG_WARN_CONSTANT_CONVERSION = YES;
				CLANG_WARN_DEPRECATED_OBJC_IMPLEMENTATIONS = YES;
				CLANG_WARN_DIRECT_OBJC_ISA_USAGE = YES_ERROR;
				CLANG_WARN_DOCUMENTATION_COMMENTS = YES;
				CLANG_WARN_EMPTY_BODY = YES;
				CLANG_WARN_ENUM_CONVERSION = YES;
				CLANG_WARN_INFINITE_RECURSION = YES;
				CLANG_WARN_INT_CONVERSION = YES;
				CLANG_WARN_NON_LITERAL_NULL_CONVERSION = YES;
				CLANG_WARN_OBJC_IMPLICIT_RETAIN_SELF = YES;
				CLANG_WARN_OBJC_LITERAL_CONVERSION = YES;
				CLANG_WARN_OBJC_ROOT_CLASS = YES_ERROR;
				CLANG_WARN_RANGE_LOOP_ANALYSIS = YES;
				CLANG_WARN_STRICT_PROTOTYPES = YES;
				CLANG_WARN_SUSPICIOUS_MOVE = YES;
				CLANG_WARN_UNGUARDED_AVAILABILITY = YES_AGGRESSIVE;
				CLANG_WARN_UNREACHABLE_CODE = YES;
				CLANG_WARN__DUPLICATE_METHOD_MATCH = YES;
				COPY_PHASE_STRIP = NO;
				DEBUG_INFORMATION_FORMAT = "dwarf-with-dsym";
				ENABLE_NS_ASSERTIONS = NO;
				ENABLE_STRICT_OBJC_MSGSEND = YES;
				GCC_C_LANGUAGE_STANDARD = gnu11;
				GCC_NO_COMMON_BLOCKS = YES;
				GCC_WARN_64_TO_32_BIT_CONVERSION = YES;
				GCC_WARN_ABOUT_RETURN_TYPE = YES_ERROR;
				GCC_WARN_UNDECLARED_SELECTOR = YES;
				GCC_WARN_UNINITIALIZED_AUTOS = YES_AGGRESSIVE;
				GCC_WARN_UNUSED_FUNCTION = YES;
				GCC_WARN_UNUSED_VARIABLE = YES;
				IPHONEOS_DEPLOYMENT_TARGET = 13.2;
				MTL_ENABLE_DEBUG_INFO = NO;
				MTL_FAST_MATH = YES;
				SDKROOT = iphoneos;
				SWIFT_COMPILATION_MODE = wholemodule;
				SWIFT_OPTIMIZATION_LEVEL = "-O";
				VALIDATE_PRODUCT = YES;
			};
			name = Release;
		};
		27BBE75E237A10DF00439E5E /* Debug */ = {
			isa = XCBuildConfiguration;
			buildSettings = {
				ASSETCATALOG_COMPILER_APPICON_NAME = AppIcon;
				CODE_SIGN_STYLE = Automatic;
				DEVELOPMENT_TEAM = EWSS9ZX7BZ;
				INFOPLIST_FILE = Codable/Info.plist;
				LD_RUNPATH_SEARCH_PATHS = (
					"$(inherited)",
					"@executable_path/Frameworks",
				);
				PRODUCT_BUNDLE_IDENTIFIER = com.avigit.Codable;
				PRODUCT_NAME = "$(TARGET_NAME)";
				SWIFT_VERSION = 5.0;
				TARGETED_DEVICE_FAMILY = "1,2";
			};
			name = Debug;
		};
		27BBE75F237A10DF00439E5E /* Release */ = {
			isa = XCBuildConfiguration;
			buildSettings = {
				ASSETCATALOG_COMPILER_APPICON_NAME = AppIcon;
				CODE_SIGN_STYLE = Automatic;
				DEVELOPMENT_TEAM = EWSS9ZX7BZ;
				INFOPLIST_FILE = Codable/Info.plist;
				LD_RUNPATH_SEARCH_PATHS = (
					"$(inherited)",
					"@executable_path/Frameworks",
				);
				PRODUCT_BUNDLE_IDENTIFIER = com.avigit.Codable;
				PRODUCT_NAME = "$(TARGET_NAME)";
				SWIFT_VERSION = 5.0;
				TARGETED_DEVICE_FAMILY = "1,2";
			};
			name = Release;
		};
		27BBE76E237A150800439E5E /* Debug */ = {
			isa = XCBuildConfiguration;
			buildSettings = {
				BUNDLE_LOADER = "$(TEST_HOST)";
				CODE_SIGN_STYLE = Automatic;
				DEVELOPMENT_TEAM = EWSS9ZX7BZ;
				INFOPLIST_FILE = CodableTests/Info.plist;
				LD_RUNPATH_SEARCH_PATHS = (
					"$(inherited)",
					"@executable_path/Frameworks",
					"@loader_path/Frameworks",
				);
				PRODUCT_BUNDLE_IDENTIFIER = com.avigit.CodableTests;
				PRODUCT_NAME = "$(TARGET_NAME)";
				SWIFT_VERSION = 5.0;
				TARGETED_DEVICE_FAMILY = "1,2";
				TEST_HOST = "$(BUILT_PRODUCTS_DIR)/Codable.app/Codable";
			};
			name = Debug;
		};
		27BBE76F237A150800439E5E /* Release */ = {
			isa = XCBuildConfiguration;
			buildSettings = {
				BUNDLE_LOADER = "$(TEST_HOST)";
				CODE_SIGN_STYLE = Automatic;
				DEVELOPMENT_TEAM = EWSS9ZX7BZ;
				INFOPLIST_FILE = CodableTests/Info.plist;
				LD_RUNPATH_SEARCH_PATHS = (
					"$(inherited)",
					"@executable_path/Frameworks",
					"@loader_path/Frameworks",
				);
				PRODUCT_BUNDLE_IDENTIFIER = com.avigit.CodableTests;
				PRODUCT_NAME = "$(TARGET_NAME)";
				SWIFT_VERSION = 5.0;
				TARGETED_DEVICE_FAMILY = "1,2";
				TEST_HOST = "$(BUILT_PRODUCTS_DIR)/Codable.app/Codable";
			};
			name = Release;
		};
/* End XCBuildConfiguration section */

/* Begin XCConfigurationList section */
		27BBE744237A10DC00439E5E /* Build configuration list for PBXProject "Codable" */ = {
			isa = XCConfigurationList;
			buildConfigurations = (
				27BBE75B237A10DF00439E5E /* Debug */,
				27BBE75C237A10DF00439E5E /* Release */,
			);
			defaultConfigurationIsVisible = 0;
			defaultConfigurationName = Release;
		};
		27BBE75D237A10DF00439E5E /* Build configuration list for PBXNativeTarget "Codable" */ = {
			isa = XCConfigurationList;
			buildConfigurations = (
				27BBE75E237A10DF00439E5E /* Debug */,
				27BBE75F237A10DF00439E5E /* Release */,
			);
			defaultConfigurationIsVisible = 0;
			defaultConfigurationName = Release;
		};
		27BBE76D237A150800439E5E /* Build configuration list for PBXNativeTarget "CodableTests" */ = {
			isa = XCConfigurationList;
			buildConfigurations = (
				27BBE76E237A150800439E5E /* Debug */,
				27BBE76F237A150800439E5E /* Release */,
			);
			defaultConfigurationIsVisible = 0;
			defaultConfigurationName = Release;
		};
/* End XCConfigurationList section */
	};
	rootObject = 27BBE741237A10DC00439E5E /* Project object */;
}
